// !$*UTF8*$!
{
	archiveVersion = 1;
	classes = {
	};
	objectVersion = 50;
	objects = {

/* Begin PBXBuildFile section */
		D7527794239CDD1200EDB5E1 /* Enemy.swift in Sources */ = {isa = PBXBuildFile; fileRef = D7527793239CDD1200EDB5E1 /* Enemy.swift */; };
		D7527796239CDFDD00EDB5E1 /* Bomb_3.atlas in Resources */ = {isa = PBXBuildFile; fileRef = D7527795239CDFDD00EDB5E1 /* Bomb_3.atlas */; };
		D7527798239D531200EDB5E1 /* Bomb_2.atlas in Resources */ = {isa = PBXBuildFile; fileRef = D7527797239D531200EDB5E1 /* Bomb_2.atlas */; };
		D759012823A0FA0E00BFB93B /* MenuScene.swift in Sources */ = {isa = PBXBuildFile; fileRef = D759012723A0FA0E00BFB93B /* MenuScene.swift */; };
		D797B06923A0D16F009512FF /* Assets.swift in Sources */ = {isa = PBXBuildFile; fileRef = D797B06823A0D16F009512FF /* Assets.swift */; };
		D7AF8273239EA2DD00555155 /* MissileRed.swift in Sources */ = {isa = PBXBuildFile; fileRef = D7AF8272239EA2DD00555155 /* MissileRed.swift */; };
		D7AF8275239EA2F200555155 /* MissileGreen.swift in Sources */ = {isa = PBXBuildFile; fileRef = D7AF8274239EA2F200555155 /* MissileGreen.swift */; };
		D7AF8277239EA84700555155 /* MissileGreen.atlas in Resources */ = {isa = PBXBuildFile; fileRef = D7AF8276239EA84700555155 /* MissileGreen.atlas */; };
		D7AF8279239EA89400555155 /* MissileRed.atlas in Resources */ = {isa = PBXBuildFile; fileRef = D7AF8278239EA89400555155 /* MissileRed.atlas */; };
		D7AF827B239EE9B800555155 /* Flame.atlas in Resources */ = {isa = PBXBuildFile; fileRef = D7AF827A239EE9B800555155 /* Flame.atlas */; };
		D7AF827E239EEA3900555155 /* Flame.swift in Sources */ = {isa = PBXBuildFile; fileRef = D7AF827D239EEA3900555155 /* Flame.swift */; };
		D7B195C3239F09B300894AC1 /* FireFlame.swift in Sources */ = {isa = PBXBuildFile; fileRef = D7B195C2239F09B300894AC1 /* FireFlame.swift */; };
		D7DF8E462394F7EB00D4EA45 /* AppDelegate.swift in Sources */ = {isa = PBXBuildFile; fileRef = D7DF8E452394F7EB00D4EA45 /* AppDelegate.swift */; };
		D7DF8E4C2394F7EB00D4EA45 /* GameScene.swift in Sources */ = {isa = PBXBuildFile; fileRef = D7DF8E4B2394F7EB00D4EA45 /* GameScene.swift */; };
		D7DF8E4E2394F7EB00D4EA45 /* GameViewController.swift in Sources */ = {isa = PBXBuildFile; fileRef = D7DF8E4D2394F7EB00D4EA45 /* GameViewController.swift */; };
		D7DF8E512394F7EB00D4EA45 /* Main.storyboard in Resources */ = {isa = PBXBuildFile; fileRef = D7DF8E4F2394F7EB00D4EA45 /* Main.storyboard */; };
		D7DF8E532394F7EB00D4EA45 /* Assets.xcassets in Resources */ = {isa = PBXBuildFile; fileRef = D7DF8E522394F7EB00D4EA45 /* Assets.xcassets */; };
		D7DF8E562394F7EB00D4EA45 /* LaunchScreen.storyboard in Resources */ = {isa = PBXBuildFile; fileRef = D7DF8E542394F7EB00D4EA45 /* LaunchScreen.storyboard */; };
		D7DF8E5E2395078900D4EA45 /* Background.swift in Sources */ = {isa = PBXBuildFile; fileRef = D7DF8E5D2395078900D4EA45 /* Background.swift */; };
		D7DF8E6023950FCF00D4EA45 /* Island.swift in Sources */ = {isa = PBXBuildFile; fileRef = D7DF8E5F23950FCF00D4EA45 /* Island.swift */; };
		D7DF8E6223954CC900D4EA45 /* Cloud.swift in Sources */ = {isa = PBXBuildFile; fileRef = D7DF8E6123954CC900D4EA45 /* Cloud.swift */; };
		D7DF8E642395E8D100D4EA45 /* PlayerPlane.swift in Sources */ = {isa = PBXBuildFile; fileRef = D7DF8E632395E8D100D4EA45 /* PlayerPlane.swift */; };
		D7DF8E662397C01C00D4EA45 /* protocol GameBackgroundSpriteable + Extension.swift in Sources */ = {isa = PBXBuildFile; fileRef = D7DF8E652397C01C00D4EA45 /* protocol GameBackgroundSpriteable + Extension.swift */; };
		D7DF8E682398778700D4EA45 /* PlayerPlane.atlas in Resources */ = {isa = PBXBuildFile; fileRef = D7DF8E672398778600D4EA45 /* PlayerPlane.atlas */; };
		D7DF8E6A239913DA00D4EA45 /* Missile.swift in Sources */ = {isa = PBXBuildFile; fileRef = D7DF8E69239913DA00D4EA45 /* Missile.swift */; };
		D7DF8E6C23991A0A00D4EA45 /* PowerUp.atlas in Resources */ = {isa = PBXBuildFile; fileRef = D7DF8E6B23991A0A00D4EA45 /* PowerUp.atlas */; };
/* End PBXBuildFile section */

/* Begin PBXFileReference section */
		D7527793239CDD1200EDB5E1 /* Enemy.swift */ = {isa = PBXFileReference; lastKnownFileType = sourcecode.swift; path = Enemy.swift; sourceTree = "<group>"; };
		D7527795239CDFDD00EDB5E1 /* Bomb_3.atlas */ = {isa = PBXFileReference; lastKnownFileType = folder.skatlas; path = Bomb_3.atlas; sourceTree = "<group>"; };
		D7527797239D531200EDB5E1 /* Bomb_2.atlas */ = {isa = PBXFileReference; lastKnownFileType = folder.skatlas; path = Bomb_2.atlas; sourceTree = "<group>"; };
		D759012723A0FA0E00BFB93B /* MenuScene.swift */ = {isa = PBXFileReference; lastKnownFileType = sourcecode.swift; path = MenuScene.swift; sourceTree = "<group>"; };
		D797B06823A0D16F009512FF /* Assets.swift */ = {isa = PBXFileReference; lastKnownFileType = sourcecode.swift; path = Assets.swift; sourceTree = "<group>"; };
		D7AF8272239EA2DD00555155 /* MissileRed.swift */ = {isa = PBXFileReference; lastKnownFileType = sourcecode.swift; path = MissileRed.swift; sourceTree = "<group>"; };
		D7AF8274239EA2F200555155 /* MissileGreen.swift */ = {isa = PBXFileReference; lastKnownFileType = sourcecode.swift; path = MissileGreen.swift; sourceTree = "<group>"; };
		D7AF8276239EA84700555155 /* MissileGreen.atlas */ = {isa = PBXFileReference; lastKnownFileType = folder.skatlas; path = MissileGreen.atlas; sourceTree = "<group>"; };
		D7AF8278239EA89400555155 /* MissileRed.atlas */ = {isa = PBXFileReference; lastKnownFileType = folder.skatlas; path = MissileRed.atlas; sourceTree = "<group>"; };
		D7AF827A239EE9B800555155 /* Flame.atlas */ = {isa = PBXFileReference; lastKnownFileType = folder.skatlas; path = Flame.atlas; sourceTree = "<group>"; };
		D7AF827D239EEA3900555155 /* Flame.swift */ = {isa = PBXFileReference; lastKnownFileType = sourcecode.swift; path = Flame.swift; sourceTree = "<group>"; };
		D7B195C2239F09B300894AC1 /* FireFlame.swift */ = {isa = PBXFileReference; lastKnownFileType = sourcecode.swift; path = FireFlame.swift; sourceTree = "<group>"; };
		D7DF8E422394F7EB00D4EA45 /* ShaderWar.app */ = {isa = PBXFileReference; explicitFileType = wrapper.application; includeInIndex = 0; path = ShaderWar.app; sourceTree = BUILT_PRODUCTS_DIR; };
		D7DF8E452394F7EB00D4EA45 /* AppDelegate.swift */ = {isa = PBXFileReference; lastKnownFileType = sourcecode.swift; path = AppDelegate.swift; sourceTree = "<group>"; };
		D7DF8E4B2394F7EB00D4EA45 /* GameScene.swift */ = {isa = PBXFileReference; lastKnownFileType = sourcecode.swift; path = GameScene.swift; sourceTree = "<group>"; };
		D7DF8E4D2394F7EB00D4EA45 /* GameViewController.swift */ = {isa = PBXFileReference; lastKnownFileType = sourcecode.swift; path = GameViewController.swift; sourceTree = "<group>"; };
		D7DF8E502394F7EB00D4EA45 /* Base */ = {isa = PBXFileReference; lastKnownFileType = file.storyboard; name = Base; path = Base.lproj/Main.storyboard; sourceTree = "<group>"; };
		D7DF8E522394F7EB00D4EA45 /* Assets.xcassets */ = {isa = PBXFileReference; lastKnownFileType = folder.assetcatalog; path = Assets.xcassets; sourceTree = "<group>"; };
		D7DF8E552394F7EB00D4EA45 /* Base */ = {isa = PBXFileReference; lastKnownFileType = file.storyboard; name = Base; path = Base.lproj/LaunchScreen.storyboard; sourceTree = "<group>"; };
		D7DF8E572394F7EB00D4EA45 /* Info.plist */ = {isa = PBXFileReference; lastKnownFileType = text.plist.xml; path = Info.plist; sourceTree = "<group>"; };
		D7DF8E5D2395078900D4EA45 /* Background.swift */ = {isa = PBXFileReference; lastKnownFileType = sourcecode.swift; path = Background.swift; sourceTree = "<group>"; };
		D7DF8E5F23950FCF00D4EA45 /* Island.swift */ = {isa = PBXFileReference; lastKnownFileType = sourcecode.swift; path = Island.swift; sourceTree = "<group>"; };
		D7DF8E6123954CC900D4EA45 /* Cloud.swift */ = {isa = PBXFileReference; lastKnownFileType = sourcecode.swift; path = Cloud.swift; sourceTree = "<group>"; };
		D7DF8E632395E8D100D4EA45 /* PlayerPlane.swift */ = {isa = PBXFileReference; lastKnownFileType = sourcecode.swift; path = PlayerPlane.swift; sourceTree = "<group>"; };
		D7DF8E652397C01C00D4EA45 /* protocol GameBackgroundSpriteable + Extension.swift */ = {isa = PBXFileReference; lastKnownFileType = sourcecode.swift; path = "protocol GameBackgroundSpriteable + Extension.swift"; sourceTree = "<group>"; };
		D7DF8E672398778600D4EA45 /* PlayerPlane.atlas */ = {isa = PBXFileReference; lastKnownFileType = folder.skatlas; path = PlayerPlane.atlas; sourceTree = "<group>"; };
		D7DF8E69239913DA00D4EA45 /* Missile.swift */ = {isa = PBXFileReference; lastKnownFileType = sourcecode.swift; path = Missile.swift; sourceTree = "<group>"; };
		D7DF8E6B23991A0A00D4EA45 /* PowerUp.atlas */ = {isa = PBXFileReference; lastKnownFileType = folder.skatlas; path = PowerUp.atlas; sourceTree = "<group>"; };
/* End PBXFileReference section */

/* Begin PBXFrameworksBuildPhase section */
		D7DF8E3F2394F7EB00D4EA45 /* Frameworks */ = {
			isa = PBXFrameworksBuildPhase;
			buildActionMask = 2147483647;
			files = (
			);
			runOnlyForDeploymentPostprocessing = 0;
		};
/* End PBXFrameworksBuildPhase section */

/* Begin PBXGroup section */
		D7AF827C239EEA0C00555155 /* atlases */ = {
			isa = PBXGroup;
			children = (
				D7AF827A239EE9B800555155 /* Flame.atlas */,
				D7AF8278239EA89400555155 /* MissileRed.atlas */,
				D7AF8276239EA84700555155 /* MissileGreen.atlas */,
				D7527797239D531200EDB5E1 /* Bomb_2.atlas */,
				D7527795239CDFDD00EDB5E1 /* Bomb_3.atlas */,
				D7DF8E6B23991A0A00D4EA45 /* PowerUp.atlas */,
				D7DF8E672398778600D4EA45 /* PlayerPlane.atlas */,
			);
			path = atlases;
			sourceTree = "<group>";
		};
		D7DF8E392394F7EB00D4EA45 = {
			isa = PBXGroup;
			children = (
				D7DF8E442394F7EB00D4EA45 /* ShaderWar */,
				D7DF8E432394F7EB00D4EA45 /* Products */,
			);
			sourceTree = "<group>";
		};
		D7DF8E432394F7EB00D4EA45 /* Products */ = {
			isa = PBXGroup;
			children = (
				D7DF8E422394F7EB00D4EA45 /* ShaderWar.app */,
			);
			name = Products;
			sourceTree = "<group>";
		};
		D7DF8E442394F7EB00D4EA45 /* ShaderWar */ = {
			isa = PBXGroup;
			children = (
				D7DF8E452394F7EB00D4EA45 /* AppDelegate.swift */,
				D759012723A0FA0E00BFB93B /* MenuScene.swift */,
				D7DF8E4B2394F7EB00D4EA45 /* GameScene.swift */,
				D797B06823A0D16F009512FF /* Assets.swift */,
				D7DF8E632395E8D100D4EA45 /* PlayerPlane.swift */,
				D7527793239CDD1200EDB5E1 /* Enemy.swift */,
				D7DF8E5F23950FCF00D4EA45 /* Island.swift */,
				D7DF8E6123954CC900D4EA45 /* Cloud.swift */,
				D7AF827D239EEA3900555155 /* Flame.swift */,
				D7B195C2239F09B300894AC1 /* FireFlame.swift */,
				D7DF8E69239913DA00D4EA45 /* Missile.swift */,
				D7AF8274239EA2F200555155 /* MissileGreen.swift */,
				D7AF8272239EA2DD00555155 /* MissileRed.swift */,
				D7DF8E652397C01C00D4EA45 /* protocol GameBackgroundSpriteable + Extension.swift */,
				D7DF8E4D2394F7EB00D4EA45 /* GameViewController.swift */,
				D7DF8E5D2395078900D4EA45 /* Background.swift */,
				D7DF8E4F2394F7EB00D4EA45 /* Main.storyboard */,
				D7DF8E522394F7EB00D4EA45 /* Assets.xcassets */,
				D7DF8E542394F7EB00D4EA45 /* LaunchScreen.storyboard */,
				D7DF8E572394F7EB00D4EA45 /* Info.plist */,
				D7AF827C239EEA0C00555155 /* atlases */,
			);
			path = ShaderWar;
			sourceTree = "<group>";
		};
/* End PBXGroup section */

/* Begin PBXNativeTarget section */
		D7DF8E412394F7EB00D4EA45 /* ShaderWar */ = {
			isa = PBXNativeTarget;
			buildConfigurationList = D7DF8E5A2394F7EB00D4EA45 /* Build configuration list for PBXNativeTarget "ShaderWar" */;
			buildPhases = (
				D7DF8E3E2394F7EB00D4EA45 /* Sources */,
				D7DF8E3F2394F7EB00D4EA45 /* Frameworks */,
				D7DF8E402394F7EB00D4EA45 /* Resources */,
			);
			buildRules = (
			);
			dependencies = (
			);
			name = ShaderWar;
			productName = ShaderWar;
			productReference = D7DF8E422394F7EB00D4EA45 /* ShaderWar.app */;
			productType = "com.apple.product-type.application";
		};
/* End PBXNativeTarget section */

/* Begin PBXProject section */
		D7DF8E3A2394F7EB00D4EA45 /* Project object */ = {
			isa = PBXProject;
			attributes = {
				LastSwiftUpdateCheck = 1110;
				LastUpgradeCheck = 1110;
				ORGANIZATIONNAME = wtildestar;
				TargetAttributes = {
					D7DF8E412394F7EB00D4EA45 = {
						CreatedOnToolsVersion = 11.1;
					};
				};
			};
			buildConfigurationList = D7DF8E3D2394F7EB00D4EA45 /* Build configuration list for PBXProject "ShaderWar" */;
			compatibilityVersion = "Xcode 9.3";
			developmentRegion = en;
			hasScannedForEncodings = 0;
			knownRegions = (
				en,
				Base,
			);
			mainGroup = D7DF8E392394F7EB00D4EA45;
			productRefGroup = D7DF8E432394F7EB00D4EA45 /* Products */;
			projectDirPath = "";
			projectRoot = "";
			targets = (
				D7DF8E412394F7EB00D4EA45 /* ShaderWar */,
			);
		};
/* End PBXProject section */

/* Begin PBXResourcesBuildPhase section */
		D7DF8E402394F7EB00D4EA45 /* Resources */ = {
			isa = PBXResourcesBuildPhase;
			buildActionMask = 2147483647;
			files = (
				D7527798239D531200EDB5E1 /* Bomb_2.atlas in Resources */,
				D7DF8E512394F7EB00D4EA45 /* Main.storyboard in Resources */,
				D7DF8E6C23991A0A00D4EA45 /* PowerUp.atlas in Resources */,
				D7DF8E682398778700D4EA45 /* PlayerPlane.atlas in Resources */,
				D7AF8279239EA89400555155 /* MissileRed.atlas in Resources */,
				D7AF8277239EA84700555155 /* MissileGreen.atlas in Resources */,
				D7DF8E532394F7EB00D4EA45 /* Assets.xcassets in Resources */,
				D7DF8E562394F7EB00D4EA45 /* LaunchScreen.storyboard in Resources */,
				D7527796239CDFDD00EDB5E1 /* Bomb_3.atlas in Resources */,
				D7AF827B239EE9B800555155 /* Flame.atlas in Resources */,
			);
			runOnlyForDeploymentPostprocessing = 0;
		};
/* End PBXResourcesBuildPhase section */

/* Begin PBXSourcesBuildPhase section */
		D7DF8E3E2394F7EB00D4EA45 /* Sources */ = {
			isa = PBXSourcesBuildPhase;
			buildActionMask = 2147483647;
			files = (
				D7AF8275239EA2F200555155 /* MissileGreen.swift in Sources */,
				D7B195C3239F09B300894AC1 /* FireFlame.swift in Sources */,
				D7DF8E4C2394F7EB00D4EA45 /* GameScene.swift in Sources */,
				D7DF8E642395E8D100D4EA45 /* PlayerPlane.swift in Sources */,
				D7DF8E6223954CC900D4EA45 /* Cloud.swift in Sources */,
				D7DF8E4E2394F7EB00D4EA45 /* GameViewController.swift in Sources */,
				D7DF8E462394F7EB00D4EA45 /* AppDelegate.swift in Sources */,
				D7DF8E662397C01C00D4EA45 /* protocol GameBackgroundSpriteable + Extension.swift in Sources */,
				D797B06923A0D16F009512FF /* Assets.swift in Sources */,
				D7527794239CDD1200EDB5E1 /* Enemy.swift in Sources */,
				D7DF8E6023950FCF00D4EA45 /* Island.swift in Sources */,
				D7DF8E6A239913DA00D4EA45 /* Missile.swift in Sources */,
				D7AF8273239EA2DD00555155 /* MissileRed.swift in Sources */,
				D759012823A0FA0E00BFB93B /* MenuScene.swift in Sources */,
				D7AF827E239EEA3900555155 /* Flame.swift in Sources */,
				D7DF8E5E2395078900D4EA45 /* Background.swift in Sources */,
			);
			runOnlyForDeploymentPostprocessing = 0;
		};
/* End PBXSourcesBuildPhase section */

/* Begin PBXVariantGroup section */
		D7DF8E4F2394F7EB00D4EA45 /* Main.storyboard */ = {
			isa = PBXVariantGroup;
			children = (
				D7DF8E502394F7EB00D4EA45 /* Base */,
			);
			name = Main.storyboard;
			sourceTree = "<group>";
		};
		D7DF8E542394F7EB00D4EA45 /* LaunchScreen.storyboard */ = {
			isa = PBXVariantGroup;
			children = (
				D7DF8E552394F7EB00D4EA45 /* Base */,
			);
			name = LaunchScreen.storyboard;
			sourceTree = "<group>";
		};
/* End PBXVariantGroup section */

/* Begin XCBuildConfiguration section */
		D7DF8E582394F7EB00D4EA45 /* Debug */ = {
			isa = XCBuildConfiguration;
			buildSettings = {
				ALWAYS_SEARCH_USER_PATHS = NO;
				CLANG_ANALYZER_NONNULL = YES;
				CLANG_ANALYZER_NUMBER_OBJECT_CONVERSION = YES_AGGRESSIVE;
				CLANG_CXX_LANGUAGE_STANDARD = "gnu++14";
				CLANG_CXX_LIBRARY = "libc++";
				CLANG_ENABLE_MODULES = YES;
				CLANG_ENABLE_OBJC_ARC = YES;
				CLANG_ENABLE_OBJC_WEAK = YES;
				CLANG_WARN_BLOCK_CAPTURE_AUTORELEASING = YES;
				CLANG_WARN_BOOL_CONVERSION = YES;
				CLANG_WARN_COMMA = YES;
				CLANG_WARN_CONSTANT_CONVERSION = YES;
				CLANG_WARN_DEPRECATED_OBJC_IMPLEMENTATIONS = YES;
				CLANG_WARN_DIRECT_OBJC_ISA_USAGE = YES_ERROR;
				CLANG_WARN_DOCUMENTATION_COMMENTS = YES;
				CLANG_WARN_EMPTY_BODY = YES;
				CLANG_WARN_ENUM_CONVERSION = YES;
				CLANG_WARN_INFINITE_RECURSION = YES;
				CLANG_WARN_INT_CONVERSION = YES;
				CLANG_WARN_NON_LITERAL_NULL_CONVERSION = YES;
				CLANG_WARN_OBJC_IMPLICIT_RETAIN_SELF = YES;
				CLANG_WARN_OBJC_LITERAL_CONVERSION = YES;
				CLANG_WARN_OBJC_ROOT_CLASS = YES_ERROR;
				CLANG_WARN_RANGE_LOOP_ANALYSIS = YES;
				CLANG_WARN_STRICT_PROTOTYPES = YES;
				CLANG_WARN_SUSPICIOUS_MOVE = YES;
				CLANG_WARN_UNGUARDED_AVAILABILITY = YES_AGGRESSIVE;
				CLANG_WARN_UNREACHABLE_CODE = YES;
				CLANG_WARN__DUPLICATE_METHOD_MATCH = YES;
				COPY_PHASE_STRIP = NO;
				DEBUG_INFORMATION_FORMAT = dwarf;
				ENABLE_STRICT_OBJC_MSGSEND = YES;
				ENABLE_TESTABILITY = YES;
				GCC_C_LANGUAGE_STANDARD = gnu11;
				GCC_DYNAMIC_NO_PIC = NO;
				GCC_NO_COMMON_BLOCKS = YES;
				GCC_OPTIMIZATION_LEVEL = 0;
				GCC_PREPROCESSOR_DEFINITIONS = (
					"DEBUG=1",
					"$(inherited)",
				);
				GCC_WARN_64_TO_32_BIT_CONVERSION = YES;
				GCC_WARN_ABOUT_RETURN_TYPE = YES_ERROR;
				GCC_WARN_UNDECLARED_SELECTOR = YES;
				GCC_WARN_UNINITIALIZED_AUTOS = YES_AGGRESSIVE;
				GCC_WARN_UNUSED_FUNCTION = YES;
				GCC_WARN_UNUSED_VARIABLE = YES;
				IPHONEOS_DEPLOYMENT_TARGET = 13.1;
				MTL_ENABLE_DEBUG_INFO = INCLUDE_SOURCE;
				MTL_FAST_MATH = YES;
				ONLY_ACTIVE_ARCH = YES;
				SDKROOT = iphoneos;
				SWIFT_ACTIVE_COMPILATION_CONDITIONS = DEBUG;
				SWIFT_OPTIMIZATION_LEVEL = "-Onone";
			};
			name = Debug;
		};
		D7DF8E592394F7EB00D4EA45 /* Release */ = {
			isa = XCBuildConfiguration;
			buildSettings = {
				ALWAYS_SEARCH_USER_PATHS = NO;
				CLANG_ANALYZER_NONNULL = YES;
				CLANG_ANALYZER_NUMBER_OBJECT_CONVERSION = YES_AGGRESSIVE;
				CLANG_CXX_LANGUAGE_STANDARD = "gnu++14";
				CLANG_CXX_LIBRARY = "libc++";
				CLANG_ENABLE_MODULES = YES;
				CLANG_ENABLE_OBJC_ARC = YES;
				CLANG_ENABLE_OBJC_WEAK = YES;
				CLANG_WARN_BLOCK_CAPTURE_AUTORELEASING = YES;
				CLANG_WARN_BOOL_CONVERSION = YES;
				CLANG_WARN_COMMA = YES;
				CLANG_WARN_CONSTANT_CONVERSION = YES;
				CLANG_WARN_DEPRECATED_OBJC_IMPLEMENTATIONS = YES;
				CLANG_WARN_DIRECT_OBJC_ISA_USAGE = YES_ERROR;
				CLANG_WARN_DOCUMENTATION_COMMENTS = YES;
				CLANG_WARN_EMPTY_BODY = YES;
				CLANG_WARN_ENUM_CONVERSION = YES;
				CLANG_WARN_INFINITE_RECURSION = YES;
				CLANG_WARN_INT_CONVERSION = YES;
				CLANG_WARN_NON_LITERAL_NULL_CONVERSION = YES;
				CLANG_WARN_OBJC_IMPLICIT_RETAIN_SELF = YES;
				CLANG_WARN_OBJC_LITERAL_CONVERSION = YES;
				CLANG_WARN_OBJC_ROOT_CLASS = YES_ERROR;
				CLANG_WARN_RANGE_LOOP_ANALYSIS = YES;
				CLANG_WARN_STRICT_PROTOTYPES = YES;
				CLANG_WARN_SUSPICIOUS_MOVE = YES;
				CLANG_WARN_UNGUARDED_AVAILABILITY = YES_AGGRESSIVE;
				CLANG_WARN_UNREACHABLE_CODE = YES;
				CLANG_WARN__DUPLICATE_METHOD_MATCH = YES;
				COPY_PHASE_STRIP = NO;
				DEBUG_INFORMATION_FORMAT = "dwarf-with-dsym";
				ENABLE_NS_ASSERTIONS = NO;
				ENABLE_STRICT_OBJC_MSGSEND = YES;
				GCC_C_LANGUAGE_STANDARD = gnu11;
				GCC_NO_COMMON_BLOCKS = YES;
				GCC_WARN_64_TO_32_BIT_CONVERSION = YES;
				GCC_WARN_ABOUT_RETURN_TYPE = YES_ERROR;
				GCC_WARN_UNDECLARED_SELECTOR = YES;
				GCC_WARN_UNINITIALIZED_AUTOS = YES_AGGRESSIVE;
				GCC_WARN_UNUSED_FUNCTION = YES;
				GCC_WARN_UNUSED_VARIABLE = YES;
				IPHONEOS_DEPLOYMENT_TARGET = 13.1;
				MTL_ENABLE_DEBUG_INFO = NO;
				MTL_FAST_MATH = YES;
				SDKROOT = iphoneos;
				SWIFT_COMPILATION_MODE = wholemodule;
				SWIFT_OPTIMIZATION_LEVEL = "-O";
				VALIDATE_PRODUCT = YES;
			};
			name = Release;
		};
		D7DF8E5B2394F7EB00D4EA45 /* Debug */ = {
			isa = XCBuildConfiguration;
			buildSettings = {
				ASSETCATALOG_COMPILER_APPICON_NAME = AppIcon;
				CODE_SIGN_STYLE = Automatic;
				INFOPLIST_FILE = ShaderWar/Info.plist;
				LD_RUNPATH_SEARCH_PATHS = (
					"$(inherited)",
					"@executable_path/Frameworks",
				);
				PRODUCT_BUNDLE_IDENTIFIER = com.wtildestar.ShaderWar;
				PRODUCT_NAME = "$(TARGET_NAME)";
				SWIFT_VERSION = 5.0;
				TARGETED_DEVICE_FAMILY = "1,2";
			};
			name = Debug;
		};
		D7DF8E5C2394F7EB00D4EA45 /* Release */ = {
			isa = XCBuildConfiguration;
			buildSettings = {
				ASSETCATALOG_COMPILER_APPICON_NAME = AppIcon;
				CODE_SIGN_STYLE = Automatic;
				INFOPLIST_FILE = ShaderWar/Info.plist;
				LD_RUNPATH_SEARCH_PATHS = (
					"$(inherited)",
					"@executable_path/Frameworks",
				);
				PRODUCT_BUNDLE_IDENTIFIER = com.wtildestar.ShaderWar;
				PRODUCT_NAME = "$(TARGET_NAME)";
				SWIFT_VERSION = 5.0;
				TARGETED_DEVICE_FAMILY = "1,2";
			};
			name = Release;
		};
/* End XCBuildConfiguration section */

/* Begin XCConfigurationList section */
		D7DF8E3D2394F7EB00D4EA45 /* Build configuration list for PBXProject "ShaderWar" */ = {
			isa = XCConfigurationList;
			buildConfigurations = (
				D7DF8E582394F7EB00D4EA45 /* Debug */,
				D7DF8E592394F7EB00D4EA45 /* Release */,
			);
			defaultConfigurationIsVisible = 0;
			defaultConfigurationName = Release;
		};
		D7DF8E5A2394F7EB00D4EA45 /* Build configuration list for PBXNativeTarget "ShaderWar" */ = {
			isa = XCConfigurationList;
			buildConfigurations = (
				D7DF8E5B2394F7EB00D4EA45 /* Debug */,
				D7DF8E5C2394F7EB00D4EA45 /* Release */,
			);
			defaultConfigurationIsVisible = 0;
			defaultConfigurationName = Release;
		};
/* End XCConfigurationList section */
	};
	rootObject = D7DF8E3A2394F7EB00D4EA45 /* Project object */;
}
